
Microsoft Visual Studio Solution File, Format Version 12.00
# Visual Studio Version 16
VisualStudioVersion = 16.0.28922.388
MinimumVisualStudioVersion = 10.0.40219.1
Project("{9A19103F-16F7-4668-BE54-9A1E7A4F7556}") = "01_SumOfThree", "1_SumOfThree\01_SumOfThree.csproj", "{0D407A6A-F592-49CC-BC6A-E00EFAA8A6BA}"
EndProject
Project("{9A19103F-16F7-4668-BE54-9A1E7A4F7556}") = "02_GreatestOfFive", "2_GreatestOfFive\02_GreatestOfFive.csproj", "{04F64B12-0665-4A36-AFBF-217B5A8A7E7B}"
EndProject
Project("{9A19103F-16F7-4668-BE54-9A1E7A4F7556}") = "03_Circle", "3_Circle\03_Circle.csproj", "{7B94298D-CA86-4E82-992A-44C025F4699C}"
EndProject
Project("{9A19103F-16F7-4668-BE54-9A1E7A4F7556}") = "04_Div", "4_Div\04_Div.csproj", "{D536344D-38B7-4CB0-8417-035EC486804F}"
EndProject
Project("{9A19103F-16F7-4668-BE54-9A1E7A4F7556}") = "05_GreaterOfTwo", "5_GreaterOfTwo\05_GreaterOfTwo.csproj", "{DE90C791-34AC-4A7C-B193-47DAC2B9E9ED}"
EndProject
Project("{9A19103F-16F7-4668-BE54-9A1E7A4F7556}") = "06_SumOfFive", "6_SumOfFive\06_SumOfFive.csproj", "{9B2B9764-1649-4300-99FF-207763031DB2}"
EndProject
Project("{9A19103F-16F7-4668-BE54-9A1E7A4F7556}") = "07_PrintN", "6_PrintN\07_PrintN.csproj", "{F3D5FF8B-E389-437D-9E9D-6FC79CC73317}"
EndProject
Project("{9A19103F-16F7-4668-BE54-9A1E7A4F7556}") = "08_PrintNotDiv", "8_PrintNDiv\08_PrintNotDiv.csproj", "{8FB96E57-0121-4877-BD3E-0FDB1AD87057}"
EndProject
Project("{9A19103F-16F7-4668-BE54-9A1E7A4F7556}") = "09_SmallLarge", "9_SmallLarge\09_SmallLarge.csproj", "{BA633540-7EC5-4F00-8F4F-1924ADF86DC9}"
EndProject
Project("{9A19103F-16F7-4668-BE54-9A1E7A4F7556}") = "10_TriangleStar", "10_TriangleStar\10_TriangleStar.csproj", "{6B2A3C2E-4653-4EC7-AE11-7615A78BF213}"
EndProject
Project("{FAE04EC0-301F-11D3-BF4B-00C04F79EFBC}") = "11_DecimalBinary", "11_DecimalBinary\11_DecimalBinary.csproj", "{E40EA39D-4659-42BA-9130-3689E0EBFE57}"
EndProject
Project("{FAE04EC0-301F-11D3-BF4B-00C04F79EFBC}") = "12_Random", "12_Random\12_Random.csproj", "{00CC7151-5B4A-4E43-9039-76E41BAEDB88}"
EndProject
Project("{FAE04EC0-301F-11D3-BF4B-00C04F79EFBC}") = "13_FizzBuzz", "13_FizzBuzz\13_FizzBuzz.csproj", "{3D2F1DBE-70F0-415B-860C-63665050AA6C}"
EndProject
Project("{FAE04EC0-301F-11D3-BF4B-00C04F79EFBC}") = "14_Company", "14_Company\14_Company.csproj", "{58C6EB95-5E19-4CF7-B5A5-D30320F16E33}"
EndProject
Global
	GlobalSection(SolutionConfigurationPlatforms) = preSolution
		Debug|Any CPU = Debug|Any CPU
		Release|Any CPU = Release|Any CPU
	EndGlobalSection
	GlobalSection(ProjectConfigurationPlatforms) = postSolution
		{0D407A6A-F592-49CC-BC6A-E00EFAA8A6BA}.Debug|Any CPU.ActiveCfg = Debug|Any CPU
		{0D407A6A-F592-49CC-BC6A-E00EFAA8A6BA}.Debug|Any CPU.Build.0 = Debug|Any CPU
		{0D407A6A-F592-49CC-BC6A-E00EFAA8A6BA}.Release|Any CPU.ActiveCfg = Release|Any CPU
		{0D407A6A-F592-49CC-BC6A-E00EFAA8A6BA}.Release|Any CPU.Build.0 = Release|Any CPU
		{04F64B12-0665-4A36-AFBF-217B5A8A7E7B}.Debug|Any CPU.ActiveCfg = Debug|Any CPU
		{04F64B12-0665-4A36-AFBF-217B5A8A7E7B}.Debug|Any CPU.Build.0 = Debug|Any CPU
		{04F64B12-0665-4A36-AFBF-217B5A8A7E7B}.Release|Any CPU.ActiveCfg = Release|Any CPU
		{04F64B12-0665-4A36-AFBF-217B5A8A7E7B}.Release|Any CPU.Build.0 = Release|Any CPU
		{7B94298D-CA86-4E82-992A-44C025F4699C}.Debug|Any CPU.ActiveCfg = Debug|Any CPU
		{7B94298D-CA86-4E82-992A-44C025F4699C}.Debug|Any CPU.Build.0 = Debug|Any CPU
		{7B94298D-CA86-4E82-992A-44C025F4699C}.Release|Any CPU.ActiveCfg = Release|Any CPU
		{7B94298D-CA86-4E82-992A-44C025F4699C}.Release|Any CPU.Build.0 = Release|Any CPU
		{D536344D-38B7-4CB0-8417-035EC486804F}.Debug|Any CPU.ActiveCfg = Debug|Any CPU
		{D536344D-38B7-4CB0-8417-035EC486804F}.Debug|Any CPU.Build.0 = Debug|Any CPU
		{D536344D-38B7-4CB0-8417-035EC486804F}.Release|Any CPU.ActiveCfg = Release|Any CPU
		{D536344D-38B7-4CB0-8417-035EC486804F}.Release|Any CPU.Build.0 = Release|Any CPU
		{DE90C791-34AC-4A7C-B193-47DAC2B9E9ED}.Debug|Any CPU.ActiveCfg = Debug|Any CPU
		{DE90C791-34AC-4A7C-B193-47DAC2B9E9ED}.Debug|Any CPU.Build.0 = Debug|Any CPU
		{DE90C791-34AC-4A7C-B193-47DAC2B9E9ED}.Release|Any CPU.ActiveCfg = Release|Any CPU
		{DE90C791-34AC-4A7C-B193-47DAC2B9E9ED}.Release|Any CPU.Build.0 = Release|Any CPU
		{9B2B9764-1649-4300-99FF-207763031DB2}.Debug|Any CPU.ActiveCfg = Debug|Any CPU
		{9B2B9764-1649-4300-99FF-207763031DB2}.Debug|Any CPU.Build.0 = Debug|Any CPU
		{9B2B9764-1649-4300-99FF-207763031DB2}.Release|Any CPU.ActiveCfg = Release|Any CPU
		{9B2B9764-1649-4300-99FF-207763031DB2}.Release|Any CPU.Build.0 = Release|Any CPU
		{F3D5FF8B-E389-437D-9E9D-6FC79CC73317}.Debug|Any CPU.ActiveCfg = Debug|Any CPU
		{F3D5FF8B-E389-437D-9E9D-6FC79CC73317}.Debug|Any CPU.Build.0 = Debug|Any CPU
		{F3D5FF8B-E389-437D-9E9D-6FC79CC73317}.Release|Any CPU.ActiveCfg = Release|Any CPU
		{F3D5FF8B-E389-437D-9E9D-6FC79CC73317}.Release|Any CPU.Build.0 = Release|Any CPU
		{8FB96E57-0121-4877-BD3E-0FDB1AD87057}.Debug|Any CPU.ActiveCfg = Debug|Any CPU
		{8FB96E57-0121-4877-BD3E-0FDB1AD87057}.Debug|Any CPU.Build.0 = Debug|Any CPU
		{8FB96E57-0121-4877-BD3E-0FDB1AD87057}.Release|Any CPU.ActiveCfg = Release|Any CPU
		{8FB96E57-0121-4877-BD3E-0FDB1AD87057}.Release|Any CPU.Build.0 = Release|Any CPU
		{BA633540-7EC5-4F00-8F4F-1924ADF86DC9}.Debug|Any CPU.ActiveCfg = Debug|Any CPU
		{BA633540-7EC5-4F00-8F4F-1924ADF86DC9}.Debug|Any CPU.Build.0 = Debug|Any CPU
		{BA633540-7EC5-4F00-8F4F-1924ADF86DC9}.Release|Any CPU.ActiveCfg = Release|Any CPU
		{BA633540-7EC5-4F00-8F4F-1924ADF86DC9}.Release|Any CPU.Build.0 = Release|Any CPU
		{6B2A3C2E-4653-4EC7-AE11-7615A78BF213}.Debug|Any CPU.ActiveCfg = Debug|Any CPU
		{6B2A3C2E-4653-4EC7-AE11-7615A78BF213}.Debug|Any CPU.Build.0 = Debug|Any CPU
		{6B2A3C2E-4653-4EC7-AE11-7615A78BF213}.Release|Any CPU.ActiveCfg = Release|Any CPU
		{6B2A3C2E-4653-4EC7-AE11-7615A78BF213}.Release|Any CPU.Build.0 = Release|Any CPU
		{E40EA39D-4659-42BA-9130-3689E0EBFE57}.Debug|Any CPU.ActiveCfg = Debug|Any CPU
		{E40EA39D-4659-42BA-9130-3689E0EBFE57}.Debug|Any CPU.Build.0 = Debug|Any CPU
		{E40EA39D-4659-42BA-9130-3689E0EBFE57}.Release|Any CPU.ActiveCfg = Release|Any CPU
		{E40EA39D-4659-42BA-9130-3689E0EBFE57}.Release|Any CPU.Build.0 = Release|Any CPU
		{00CC7151-5B4A-4E43-9039-76E41BAEDB88}.Debug|Any CPU.ActiveCfg = Debug|Any CPU
		{00CC7151-5B4A-4E43-9039-76E41BAEDB88}.Debug|Any CPU.Build.0 = Debug|Any CPU
		{00CC7151-5B4A-4E43-9039-76E41BAEDB88}.Release|Any CPU.ActiveCfg = Release|Any CPU
		{00CC7151-5B4A-4E43-9039-76E41BAEDB88}.Release|Any CPU.Build.0 = Release|Any CPU
		{3D2F1DBE-70F0-415B-860C-63665050AA6C}.Debug|Any CPU.ActiveCfg = Debug|Any CPU
		{3D2F1DBE-70F0-415B-860C-63665050AA6C}.Debug|Any CPU.Build.0 = Debug|Any CPU
		{3D2F1DBE-70F0-415B-860C-63665050AA6C}.Release|Any CPU.ActiveCfg = Release|Any CPU
		{3D2F1DBE-70F0-415B-860C-63665050AA6C}.Release|Any CPU.Build.0 = Release|Any CPU
		{58C6EB95-5E19-4CF7-B5A5-D30320F16E33}.Debug|Any CPU.ActiveCfg = Debug|Any CPU
		{58C6EB95-5E19-4CF7-B5A5-D30320F16E33}.Debug|Any CPU.Build.0 = Debug|Any CPU
		{58C6EB95-5E19-4CF7-B5A5-D30320F16E33}.Release|Any CPU.ActiveCfg = Release|Any CPU
		{58C6EB95-5E19-4CF7-B5A5-D30320F16E33}.Release|Any CPU.Build.0 = Release|Any CPU
	EndGlobalSection
	GlobalSection(SolutionProperties) = preSolution
		HideSolutionNode = FALSE
	EndGlobalSection
	GlobalSection(ExtensibilityGlobals) = postSolution
		SolutionGuid = {9B918945-296E-437B-82D6-098F2A553BC5}
	EndGlobalSection
EndGlobal
